
Microsoft Visual Studio Solution File, Format Version 12.00
# Visual Studio Version 17
VisualStudioVersion = 17.5.002.0
MinimumVisualStudioVersion = 10.0.40219.1
Project("{9A19103F-16F7-4668-BE54-9A1E7A4F7556}") = "Assembly.Site", "Assembly.Site.csproj", "{EF8AA10A-EC68-4048-9572-4293D5A3A6BE}"
EndProject
Global
	GlobalSection(SolutionConfigurationPlatforms) = preSolution
		Debug|Any CPU = Debug|Any CPU
		Release|Any CPU = Release|Any CPU
	EndGlobalSection
	GlobalSection(ProjectConfigurationPlatforms) = postSolution
		{EF8AA10A-EC68-4048-9572-4293D5A3A6BE}.Debug|Any CPU.ActiveCfg = Debug|Any CPU
		{EF8AA10A-EC68-4048-9572-4293D5A3A6BE}.Debug|Any CPU.Build.0 = Debug|Any CPU
		{EF8AA10A-EC68-4048-9572-4293D5A3A6BE}.Release|Any CPU.ActiveCfg = Release|Any CPU
		{EF8AA10A-EC68-4048-9572-4293D5A3A6BE}.Release|Any CPU.Build.0 = Release|Any CPU
	EndGlobalSection
	GlobalSection(SolutionProperties) = preSolution
		HideSolutionNode = FALSE
	EndGlobalSection
	GlobalSection(ExtensibilityGlobals) = postSolution
		SolutionGuid = {EDDCAA3E-2421-4633-9376-ECE221143C9C}
	EndGlobalSection
EndGlobal
